
Microsoft Visual Studio Solution File, Format Version 11.00
# Visual Studio 2010
Project("{FAE04EC0-301F-11D3-BF4B-00C04F79EFBC}") = "BulstarEventTracker", "BulstarCheck\BulstarEventTracker.csproj", "{74D53079-108F-450F-AFFC-8E326C7C34DA}"
EndProject
Global
	GlobalSection(SolutionConfigurationPlatforms) = preSolution
		Debug|x86 = Debug|x86
		Release|x86 = Release|x86
	EndGlobalSection
	GlobalSection(ProjectConfigurationPlatforms) = postSolution
		{74D53079-108F-450F-AFFC-8E326C7C34DA}.Debug|x86.ActiveCfg = Debug|x86
		{74D53079-108F-450F-AFFC-8E326C7C34DA}.Debug|x86.Build.0 = Debug|x86
		{74D53079-108F-450F-AFFC-8E326C7C34DA}.Release|x86.ActiveCfg = Release|x86
		{74D53079-108F-450F-AFFC-8E326C7C34DA}.Release|x86.Build.0 = Release|x86
	EndGlobalSection
	GlobalSection(SolutionProperties) = preSolution
		HideSolutionNode = FALSE
	EndGlobalSection
EndGlobal
